
Microsoft Visual Studio Solution File, Format Version 12.00
# Visual Studio 15
VisualStudioVersion = 15.0.28307.852
MinimumVisualStudioVersion = 10.0.40219.1
Project("{9A19103F-16F7-4668-BE54-9A1E7A4F7556}") = "SobaScript.Z.VS", "SobaScript.Z.VS\SobaScript.Z.VS.csproj", "{CD42837F-ECB4-48D5-89D5-EFF831001F89}"
EndProject
Project("{9A19103F-16F7-4668-BE54-9A1E7A4F7556}") = "SobaScript.Z.VSTest", "SobaScript.Z.VSTest\SobaScript.Z.VSTest.csproj", "{52BC79FD-E02A-461D-BC20-26A3713EF6D5}"
EndProject
Project("{2150E333-8FDC-42A3-9474-1A3956D46DE8}") = "root", "root", "{57CB0E4A-E27B-415B-8D3F-FA010BD1AD7F}"
	ProjectSection(SolutionItems) = preProject
		License.txt = License.txt
		Readme.md = Readme.md
	EndProjectSection
EndProject
Global
	GlobalSection(SolutionConfigurationPlatforms) = preSolution
		DBG_SDK10|Any CPU = DBG_SDK10|Any CPU
		DBG_SDK15|Any CPU = DBG_SDK15|Any CPU
		DCI_SDK10|Any CPU = DCI_SDK10|Any CPU
		DCI_SDK15|Any CPU = DCI_SDK15|Any CPU
		RCI_SDK10|Any CPU = RCI_SDK10|Any CPU
		RCI_SDK15|Any CPU = RCI_SDK15|Any CPU
		REL_SDK10|Any CPU = REL_SDK10|Any CPU
		REL_SDK15|Any CPU = REL_SDK15|Any CPU
	EndGlobalSection
	GlobalSection(ProjectConfigurationPlatforms) = postSolution
		{CD42837F-ECB4-48D5-89D5-EFF831001F89}.DBG_SDK10|Any CPU.ActiveCfg = DBG_SDK10|Any CPU
		{CD42837F-ECB4-48D5-89D5-EFF831001F89}.DBG_SDK10|Any CPU.Build.0 = DBG_SDK10|Any CPU
		{CD42837F-ECB4-48D5-89D5-EFF831001F89}.DBG_SDK15|Any CPU.ActiveCfg = DBG_SDK15|Any CPU
		{CD42837F-ECB4-48D5-89D5-EFF831001F89}.DBG_SDK15|Any CPU.Build.0 = DBG_SDK15|Any CPU
		{CD42837F-ECB4-48D5-89D5-EFF831001F89}.DCI_SDK10|Any CPU.ActiveCfg = DCI_SDK10|Any CPU
		{CD42837F-ECB4-48D5-89D5-EFF831001F89}.DCI_SDK10|Any CPU.Build.0 = DCI_SDK10|Any CPU
		{CD42837F-ECB4-48D5-89D5-EFF831001F89}.DCI_SDK15|Any CPU.ActiveCfg = DCI_SDK15|Any CPU
		{CD42837F-ECB4-48D5-89D5-EFF831001F89}.DCI_SDK15|Any CPU.Build.0 = DCI_SDK15|Any CPU
		{CD42837F-ECB4-48D5-89D5-EFF831001F89}.RCI_SDK10|Any CPU.ActiveCfg = RCI_SDK10|Any CPU
		{CD42837F-ECB4-48D5-89D5-EFF831001F89}.RCI_SDK10|Any CPU.Build.0 = RCI_SDK10|Any CPU
		{CD42837F-ECB4-48D5-89D5-EFF831001F89}.RCI_SDK15|Any CPU.ActiveCfg = RCI_SDK15|Any CPU
		{CD42837F-ECB4-48D5-89D5-EFF831001F89}.RCI_SDK15|Any CPU.Build.0 = RCI_SDK15|Any CPU
		{CD42837F-ECB4-48D5-89D5-EFF831001F89}.REL_SDK10|Any CPU.ActiveCfg = REL_SDK10|Any CPU
		{CD42837F-ECB4-48D5-89D5-EFF831001F89}.REL_SDK10|Any CPU.Build.0 = REL_SDK10|Any CPU
		{CD42837F-ECB4-48D5-89D5-EFF831001F89}.REL_SDK15|Any CPU.ActiveCfg = REL_SDK15|Any CPU
		{CD42837F-ECB4-48D5-89D5-EFF831001F89}.REL_SDK15|Any CPU.Build.0 = REL_SDK15|Any CPU
		{52BC79FD-E02A-461D-BC20-26A3713EF6D5}.DBG_SDK10|Any CPU.ActiveCfg = DBG_SDK10|Any CPU
		{52BC79FD-E02A-461D-BC20-26A3713EF6D5}.DBG_SDK10|Any CPU.Build.0 = DBG_SDK10|Any CPU
		{52BC79FD-E02A-461D-BC20-26A3713EF6D5}.DBG_SDK15|Any CPU.ActiveCfg = DBG_SDK15|Any CPU
		{52BC79FD-E02A-461D-BC20-26A3713EF6D5}.DBG_SDK15|Any CPU.Build.0 = DBG_SDK15|Any CPU
		{52BC79FD-E02A-461D-BC20-26A3713EF6D5}.DCI_SDK10|Any CPU.ActiveCfg = DCI_SDK10|Any CPU
		{52BC79FD-E02A-461D-BC20-26A3713EF6D5}.DCI_SDK10|Any CPU.Build.0 = DCI_SDK10|Any CPU
		{52BC79FD-E02A-461D-BC20-26A3713EF6D5}.DCI_SDK15|Any CPU.ActiveCfg = DCI_SDK15|Any CPU
		{52BC79FD-E02A-461D-BC20-26A3713EF6D5}.DCI_SDK15|Any CPU.Build.0 = DCI_SDK15|Any CPU
		{52BC79FD-E02A-461D-BC20-26A3713EF6D5}.RCI_SDK10|Any CPU.ActiveCfg = RCI_SDK10|Any CPU
		{52BC79FD-E02A-461D-BC20-26A3713EF6D5}.RCI_SDK10|Any CPU.Build.0 = RCI_SDK10|Any CPU
		{52BC79FD-E02A-461D-BC20-26A3713EF6D5}.RCI_SDK15|Any CPU.ActiveCfg = RCI_SDK15|Any CPU
		{52BC79FD-E02A-461D-BC20-26A3713EF6D5}.RCI_SDK15|Any CPU.Build.0 = RCI_SDK15|Any CPU
		{52BC79FD-E02A-461D-BC20-26A3713EF6D5}.REL_SDK10|Any CPU.ActiveCfg = REL_SDK10|Any CPU
		{52BC79FD-E02A-461D-BC20-26A3713EF6D5}.REL_SDK10|Any CPU.Build.0 = REL_SDK10|Any CPU
		{52BC79FD-E02A-461D-BC20-26A3713EF6D5}.REL_SDK15|Any CPU.ActiveCfg = REL_SDK15|Any CPU
		{52BC79FD-E02A-461D-BC20-26A3713EF6D5}.REL_SDK15|Any CPU.Build.0 = REL_SDK15|Any CPU
	EndGlobalSection
	GlobalSection(SolutionProperties) = preSolution
		HideSolutionNode = FALSE
	EndGlobalSection
	GlobalSection(ExtensibilityGlobals) = postSolution
		SolutionGuid = {C29229F0-1143-4231-92FA-7199CF3CBC36}
	EndGlobalSection
EndGlobal
